
Microsoft Visual Studio Solution File, Format Version 12.00
# Visual Studio Version 16
VisualStudioVersion = 16.0.31729.503
MinimumVisualStudioVersion = 10.0.40219.1
Project("{FAE04EC0-301F-11D3-BF4B-00C04F79EFBC}") = "RayVentoryInstaller", "RayVentoryInstaller\RayVentoryInstaller.csproj", "{AE613F1A-7E9A-4E7F-9E5A-5B1296E448FD}"
EndProject
Global
	GlobalSection(SolutionConfigurationPlatforms) = preSolution
		Debug|Any CPU = Debug|Any CPU
		Release|Any CPU = Release|Any CPU
	EndGlobalSection
	GlobalSection(ProjectConfigurationPlatforms) = postSolution
		{AE613F1A-7E9A-4E7F-9E5A-5B1296E448FD}.Debug|Any CPU.ActiveCfg = Debug|Any CPU
		{AE613F1A-7E9A-4E7F-9E5A-5B1296E448FD}.Debug|Any CPU.Build.0 = Debug|Any CPU
		{AE613F1A-7E9A-4E7F-9E5A-5B1296E448FD}.Release|Any CPU.ActiveCfg = Release|Any CPU
		{AE613F1A-7E9A-4E7F-9E5A-5B1296E448FD}.Release|Any CPU.Build.0 = Release|Any CPU
	EndGlobalSection
	GlobalSection(SolutionProperties) = preSolution
		HideSolutionNode = FALSE
	EndGlobalSection
	GlobalSection(ExtensibilityGlobals) = postSolution
		SolutionGuid = {ED2BD2B4-3B0D-4D24-AE95-01587DD06500}
	EndGlobalSection
EndGlobal
